
Microsoft Visual Studio Solution File, Format Version 12.00
# Visual Studio Version 17
VisualStudioVersion = 17.2.32616.157
MinimumVisualStudioVersion = 10.0.40219.1
Project("{FAE04EC0-301F-11D3-BF4B-00C04F79EFBC}") = "AppTempo.Android", "AppTempo\AppTempo.Android\AppTempo.Android.csproj", "{1A26A66E-FC01-4696-9252-95858D7CBCD6}"
EndProject
Project("{FAE04EC0-301F-11D3-BF4B-00C04F79EFBC}") = "AppTempo", "AppTempo\AppTempo\AppTempo.csproj", "{A7E404DE-FC85-4F56-8A70-875AD47637AD}"
EndProject
Global
	GlobalSection(SolutionConfigurationPlatforms) = preSolution
		Debug|Any CPU = Debug|Any CPU
		Release|Any CPU = Release|Any CPU
	EndGlobalSection
	GlobalSection(ProjectConfigurationPlatforms) = postSolution
		{1A26A66E-FC01-4696-9252-95858D7CBCD6}.Debug|Any CPU.ActiveCfg = Debug|Any CPU
		{1A26A66E-FC01-4696-9252-95858D7CBCD6}.Debug|Any CPU.Build.0 = Debug|Any CPU
		{1A26A66E-FC01-4696-9252-95858D7CBCD6}.Debug|Any CPU.Deploy.0 = Debug|Any CPU
		{1A26A66E-FC01-4696-9252-95858D7CBCD6}.Release|Any CPU.ActiveCfg = Release|Any CPU
		{1A26A66E-FC01-4696-9252-95858D7CBCD6}.Release|Any CPU.Build.0 = Release|Any CPU
		{1A26A66E-FC01-4696-9252-95858D7CBCD6}.Release|Any CPU.Deploy.0 = Release|Any CPU
		{A7E404DE-FC85-4F56-8A70-875AD47637AD}.Debug|Any CPU.ActiveCfg = Debug|Any CPU
		{A7E404DE-FC85-4F56-8A70-875AD47637AD}.Debug|Any CPU.Build.0 = Debug|Any CPU
		{A7E404DE-FC85-4F56-8A70-875AD47637AD}.Debug|Any CPU.Deploy.0 = Debug|Any CPU
		{A7E404DE-FC85-4F56-8A70-875AD47637AD}.Release|Any CPU.ActiveCfg = Release|Any CPU
		{A7E404DE-FC85-4F56-8A70-875AD47637AD}.Release|Any CPU.Build.0 = Release|Any CPU
		{A7E404DE-FC85-4F56-8A70-875AD47637AD}.Release|Any CPU.Deploy.0 = Release|Any CPU
	EndGlobalSection
	GlobalSection(SolutionProperties) = preSolution
		HideSolutionNode = FALSE
	EndGlobalSection
	GlobalSection(ExtensibilityGlobals) = postSolution
		SolutionGuid = {B86DB492-4A5E-40B6-A60C-DD4BA4B736B0}
	EndGlobalSection
EndGlobal
